<?xml version="1.0" encoding="utf-8"?>
<Project ToolsVersion="4.0" xmlns="http://schemas.microsoft.com/developer/msbuild/2003">
  <ItemGroup>
    <Filter Include="Source Files">
      <UniqueIdentifier>{4FC737F1-C7A5-4376-A066-2A32D752A2FF}</UniqueIdentifier>
      <Extensions>cpp;c;cc;cxx;def;odl;idl;hpj;bat;asm;asmx</Extensions>
    </Filter>
    <Filter Include="Header Files">
      <UniqueIdentifier>{93995380-89BD-4b04-88EB-625FBE52EBFB}</UniqueIdentifier>
      <Extensions>h;hh;hpp;hxx;hm;inl;inc;xsd</Extensions>
    </Filter>
    <Filter Include="Resource Files">
      <UniqueIdentifier>{67DA6AB6-F800-4c08-8B7A-83BB121AAD01}</UniqueIdentifier>
      <Extensions>rc;ico;cur;bmp;dlg;rc2;rct;bin;rgs;gif;jpg;jpeg;jpe;resx;tiff;tif;png;wav</Extensions>
    </Filter>
  </ItemGroup>
  <ItemGroup>
    <ClCompile Include="src\bd.cpp">
      <Filter>Source Files</Filter>
    </ClCompile>
    <ClCompile Include="src\cmd.cpp">
      <Filter>Source Files</Filter>
    </ClCompile>
    <ClCompile Include="src\cmds.cpp">
      <Filter>Source Files</Filter>
    </ClCompile>
    <ClCompile Include="src\doc.cpp">
      <Filter>Source Files</Filter>
    </ClCompile>
    <ClCompile Include="src\events.cpp">
      <Filter>Source Files</Filter>
    </ClCompile>
    <ClCompile Include="src\fs.cpp">
      <Filter>Source Files</Filter>
    </ClCompile>
    <ClCompile Include="src\img.cpp">
      <Filter>Source Files</Filter>
    </ClCompile>
    <ClCompile Include="src\lp.cpp">
      <Filter>Source Files</Filter>
    </ClCompile>
    <ClCompile Include="src\main.cpp">
      <Filter>Source Files</Filter>
    </ClCompile>
    <ClCompile Include="src\net.cpp">
      <Filter>Source Files</Filter>
    </ClCompile>
    <ClCompile Include="src\str.cpp">
      <Filter>Source Files</Filter>
    </ClCompile>
    <ClCompile Include="src\users.cpp">
      <Filter>Source Files</Filter>
    </ClCompile>
    <ClCompile Include="src\vk.cpp">
      <Filter>Source Files</Filter>
    </ClCompile>
    <ClCompile Include="src\timer.cpp">
      <Filter>Source Files</Filter>
    </ClCompile>
    <ClCompile Include="src\game.cpp">
      <Filter>Source Files</Filter>
    </ClCompile>
    <ClCompile Include="src\py.cpp">
      <Filter>Source Files</Filter>
    </ClCompile>
    <ClCompile Include="src\worker.cpp">
      <Filter>Source Files</Filter>
    </ClCompile>
  </ItemGroup>
  <ItemGroup>
    <ClInclude Include="include\bd.h">
      <Filter>Header Files</Filter>
    </ClInclude>
    <ClInclude Include="include\cmd.h">
      <Filter>Header Files</Filter>
    </ClInclude>
    <ClInclude Include="include\common.h">
      <Filter>Header Files</Filter>
    </ClInclude>
    <ClInclude Include="include\doc.h">
      <Filter>Header Files</Filter>
    </ClInclude>
    <ClInclude Include="include\events.h">
      <Filter>Header Files</Filter>
    </ClInclude>
    <ClInclude Include="include\fs.h">
      <Filter>Header Files</Filter>
    </ClInclude>
    <ClInclude Include="include\img.h">
      <Filter>Header Files</Filter>
    </ClInclude>
    <ClInclude Include="include\lp.h">
      <Filter>Header Files</Filter>
    </ClInclude>
    <ClInclude Include="include\net.h">
      <Filter>Header Files</Filter>
    </ClInclude>
    <ClInclude Include="include\str.h">
      <Filter>Header Files</Filter>
    </ClInclude>
    <ClInclude Include="include\users.h">
      <Filter>Header Files</Filter>
    </ClInclude>
    <ClInclude Include="include\vk.h">
      <Filter>Header Files</Filter>
    </ClInclude>
    <ClInclude Include="include\timer.h">
      <Filter>Header Files</Filter>
    </ClInclude>
    <ClInclude Include="include\game.h">
      <Filter>Header Files</Filter>
    </ClInclude>
    <ClInclude Include="include\worker.h">
      <Filter>Header Files</Filter>
    </ClInclude>
    <ClInclude Include="include\py.h">
      <Filter>Header Files</Filter>
    </ClInclude>
  </ItemGroup>
</Project>