<?xml version="1.0" encoding="UTF-8" standalone="yes" ?>
<CodeBlocks_project_file>
	<FileVersion major="1" minor="6" />
	<Project>
		<Option title="vk-cpp-bot" />
		<Option makefile_is_custom="1" />
		<Option pch_mode="2" />
		<Option compiler="gcc" />
		<MakeCommands>
			<Build command="$make -f $makefile" />
			<CompileFile command="$make -f $makefile" />
			<Clean command="$make -f $makefile clean" />
			<DistClean command="$make -f $makefile distclean$target" />
			<AskRebuildNeeded command="0" />
			<SilentBuild command="$make -f $makefile &gt; $(CMD_NULL)" />
		</MakeCommands>
		<Build>
			<Target title="Release">
				<Option output="vkbot" prefix_auto="1" extension_auto="1" />
				<Option object_output="obj/Release/" />
				<Option type="1" />
				<Option compiler="gcc" />
				<MakeCommands>
					<Build command="$make -f $makefile" />
					<CompileFile command="$make -f $makefile" />
					<Clean command="$make -f $makefile clean" />
					<DistClean command="$make -f $makefile distclean$target" />
					<AskRebuildNeeded command="0" />
					<SilentBuild command="$make -f $makefile &gt; $(CMD_NULL)" />
				</MakeCommands>
			</Target>
		</Build>
		<Unit filename="Makefile" />
		<Unit filename="README.md" />
		<Unit filename="config.json" />
		<Unit filename="include/bd.h" />
		<Unit filename="include/cmd.h" />
		<Unit filename="include/common.h" />
		<Unit filename="include/doc.h" />
		<Unit filename="include/events.h" />
		<Unit filename="include/fs.h" />
		<Unit filename="include/img.h" />
		<Unit filename="include/lp.h" />
		<Unit filename="include/net.h" />
		<Unit filename="include/str.h" />
		<Unit filename="include/users.h" />
		<Unit filename="include/vk.h" />
		<Unit filename="include/workers.h" />
		<Unit filename="include/timer.h" />
		<Unit filename="src/bd.cpp" />
		<Unit filename="src/cmd.cpp" />
		<Unit filename="src/cmds.cpp" />
		<Unit filename="src/doc.cpp" />
		<Unit filename="src/events.cpp" />
		<Unit filename="src/fs.cpp" />
		<Unit filename="src/img.cpp" />
		<Unit filename="src/lp.cpp" />
		<Unit filename="src/main.cpp" />
		<Unit filename="src/net.cpp" />
		<Unit filename="src/str.cpp" />
		<Unit filename="src/users.cpp" />
		<Unit filename="src/vk.cpp" />
		<Unit filename="src/workers.cpp" />
		<Unit filename="src/timer.cpp" />
		<Extensions>
			<code_completion />
			<debugger />
			<envvars />
		</Extensions>
	</Project>
</CodeBlocks_project_file>
